// !$*UTF8*$!
{
	archiveVersion = 1;
	classes = {
	};
	objectVersion = 46;
	objects = {

/* Begin PBXBuildFile section */
		FC35272B1C8728830098B386 /* AppDelegate.swift in Sources */ = {isa = PBXBuildFile; fileRef = FC35272A1C8728830098B386 /* AppDelegate.swift */; };
		FC35272D1C8728830098B386 /* ViewController.swift in Sources */ = {isa = PBXBuildFile; fileRef = FC35272C1C8728830098B386 /* ViewController.swift */; };
		FC3527301C8728830098B386 /* Main.storyboard in Resources */ = {isa = PBXBuildFile; fileRef = FC35272E1C8728830098B386 /* Main.storyboard */; };
		FC3527321C8728830098B386 /* Assets.xcassets in Resources */ = {isa = PBXBuildFile; fileRef = FC3527311C8728830098B386 /* Assets.xcassets */; };
		FC3527351C8728830098B386 /* LaunchScreen.storyboard in Resources */ = {isa = PBXBuildFile; fileRef = FC3527331C8728830098B386 /* LaunchScreen.storyboard */; };
/* End PBXBuildFile section */

/* Begin PBXFileReference section */
		FC3527271C8728830098B386 /* myhood.app */ = {isa = PBXFileReference; explicitFileType = wrapper.application; includeInIndex = 0; path = myhood.app; sourceTree = BUILT_PRODUCTS_DIR; };
		FC35272A1C8728830098B386 /* AppDelegate.swift */ = {isa = PBXFileReference; lastKnownFileType = sourcecode.swift; path = AppDelegate.swift; sourceTree = "<group>"; };
		FC35272C1C8728830098B386 /* ViewController.swift */ = {isa = PBXFileReference; lastKnownFileType = sourcecode.swift; path = ViewController.swift; sourceTree = "<group>"; };
		FC35272F1C8728830098B386 /* Base */ = {isa = PBXFileReference; lastKnownFileType = file.storyboard; name = Base; path = Base.lproj/Main.storyboard; sourceTree = "<group>"; };
		FC3527311C8728830098B386 /* Assets.xcassets */ = {isa = PBXFileReference; lastKnownFileType = folder.assetcatalog; path = Assets.xcassets; sourceTree = "<group>"; };
		FC3527341C8728830098B386 /* Base */ = {isa = PBXFileReference; lastKnownFileType = file.storyboard; name = Base; path = Base.lproj/LaunchScreen.storyboard; sourceTree = "<group>"; };
		FC3527361C8728830098B386 /* Info.plist */ = {isa = PBXFileReference; lastKnownFileType = text.plist.xml; path = Info.plist; sourceTree = "<group>"; };
/* End PBXFileReference section */

/* Begin PBXFrameworksBuildPhase section */
		FC3527241C8728830098B386 /* Frameworks */ = {
			isa = PBXFrameworksBuildPhase;
			buildActionMask = 2147483647;
			files = (
			);
			runOnlyForDeploymentPostprocessing = 0;
		};
/* End PBXFrameworksBuildPhase section */

/* Begin PBXGroup section */
		FC35271E1C8728820098B386 = {
			isa = PBXGroup;
			children = (
				FC3527291C8728830098B386 /* myhood */,
				FC3527281C8728830098B386 /* Products */,
			);
			sourceTree = "<group>";
		};
		FC3527281C8728830098B386 /* Products */ = {
			isa = PBXGroup;
			children = (
				FC3527271C8728830098B386 /* myhood.app */,
			);
			name = Products;
			sourceTree = "<group>";
		};
		FC3527291C8728830098B386 /* myhood */ = {
			isa = PBXGroup;
			children = (
				FC35272A1C8728830098B386 /* AppDelegate.swift */,
				FC35272C1C8728830098B386 /* ViewController.swift */,
				FC35272E1C8728830098B386 /* Main.storyboard */,
				FC3527311C8728830098B386 /* Assets.xcassets */,
				FC3527331C8728830098B386 /* LaunchScreen.storyboard */,
				FC3527361C8728830098B386 /* Info.plist */,
			);
			path = myhood;
			sourceTree = "<group>";
		};
/* End PBXGroup section */

/* Begin PBXNativeTarget section */
		FC3527261C8728830098B386 /* myhood */ = {
			isa = PBXNativeTarget;
			buildConfigurationList = FC3527391C8728830098B386 /* Build configuration list for PBXNativeTarget "myhood" */;
			buildPhases = (
				FC3527231C8728830098B386 /* Sources */,
				FC3527241C8728830098B386 /* Frameworks */,
				FC3527251C8728830098B386 /* Resources */,
			);
			buildRules = (
			);
			dependencies = (
			);
			name = myhood;
			productName = myhood;
			productReference = FC3527271C8728830098B386 /* myhood.app */;
			productType = "com.apple.product-type.application";
		};
/* End PBXNativeTarget section */

/* Begin PBXProject section */
		FC35271F1C8728830098B386 /* Project object */ = {
			isa = PBXProject;
			attributes = {
				LastSwiftUpdateCheck = 0720;
				LastUpgradeCheck = 0720;
				ORGANIZATIONNAME = "Epic 650";
				TargetAttributes = {
					FC3527261C8728830098B386 = {
						CreatedOnToolsVersion = 7.2.1;
					};
				};
			};
			buildConfigurationList = FC3527221C8728830098B386 /* Build configuration list for PBXProject "myhood" */;
			compatibilityVersion = "Xcode 3.2";
			developmentRegion = English;
			hasScannedForEncodings = 0;
			knownRegions = (
				en,
				Base,
			);
			mainGroup = FC35271E1C8728820098B386;
			productRefGroup = FC3527281C8728830098B386 /* Products */;
			projectDirPath = "";
			projectRoot = "";
			targets = (
				FC3527261C8728830098B386 /* myhood */,
			);
		};
/* End PBXProject section */

/* Begin PBXResourcesBuildPhase section */
		FC3527251C8728830098B386 /* Resources */ = {
			isa = PBXResourcesBuildPhase;
			buildActionMask = 2147483647;
			files = (
				FC3527351C8728830098B386 /* LaunchScreen.storyboard in Resources */,
				FC3527321C8728830098B386 /* Assets.xcassets in Resources */,
				FC3527301C8728830098B386 /* Main.storyboard in Resources */,
			);
			runOnlyForDeploymentPostprocessing = 0;
		};
/* End PBXResourcesBuildPhase section */

/* Begin PBXSourcesBuildPhase section */
		FC3527231C8728830098B386 /* Sources */ = {
			isa = PBXSourcesBuildPhase;
			buildActionMask = 2147483647;
			files = (
				FC35272D1C8728830098B386 /* ViewController.swift in Sources */,
				FC35272B1C8728830098B386 /* AppDelegate.swift in Sources */,
			);
			runOnlyForDeploymentPostprocessing = 0;
		};
/* End PBXSourcesBuildPhase section */

/* Begin PBXVariantGroup section */
		FC35272E1C8728830098B386 /* Main.storyboard */ = {
			isa = PBXVariantGroup;
			children = (
				FC35272F1C8728830098B386 /* Base */,
			);
			name = Main.storyboard;
			sourceTree = "<group>";
		};
		FC3527331C8728830098B386 /* LaunchScreen.storyboard */ = {
			isa = PBXVariantGroup;
			children = (
				FC3527341C8728830098B386 /* Base */,
			);
			name = LaunchScreen.storyboard;
			sourceTree = "<group>";
		};
/* End PBXVariantGroup section */

/* Begin XCBuildConfiguration section */
		FC3527371C8728830098B386 /* Debug */ = {
			isa = XCBuildConfiguration;
			buildSettings = {
				ALWAYS_SEARCH_USER_PATHS = NO;
				CLANG_CXX_LANGUAGE_STANDARD = "gnu++0x";
				CLANG_CXX_LIBRARY = "libc++";
				CLANG_ENABLE_MODULES = YES;
				CLANG_ENABLE_OBJC_ARC = YES;
				CLANG_WARN_BOOL_CONVERSION = YES;
				CLANG_WARN_CONSTANT_CONVERSION = YES;
				CLANG_WARN_DIRECT_OBJC_ISA_USAGE = YES_ERROR;
				CLANG_WARN_EMPTY_BODY = YES;
				CLANG_WARN_ENUM_CONVERSION = YES;
				CLANG_WARN_INT_CONVERSION = YES;
				CLANG_WARN_OBJC_ROOT_CLASS = YES_ERROR;
				CLANG_WARN_UNREACHABLE_CODE = YES;
				CLANG_WARN__DUPLICATE_METHOD_MATCH = YES;
				"CODE_SIGN_IDENTITY[sdk=iphoneos*]" = "iPhone Developer";
				COPY_PHASE_STRIP = NO;
				DEBUG_INFORMATION_FORMAT = dwarf;
				ENABLE_STRICT_OBJC_MSGSEND = YES;
				ENABLE_TESTABILITY = YES;
				GCC_C_LANGUAGE_STANDARD = gnu99;
				GCC_DYNAMIC_NO_PIC = NO;
				GCC_NO_COMMON_BLOCKS = YES;
				GCC_OPTIMIZATION_LEVEL = 0;
				GCC_PREPROCESSOR_DEFINITIONS = (
					"DEBUG=1",
					"$(inherited)",
				);
				GCC_WARN_64_TO_32_BIT_CONVERSION = YES;
				GCC_WARN_ABOUT_RETURN_TYPE = YES_ERROR;
				GCC_WARN_UNDECLARED_SELECTOR = YES;
				GCC_WARN_UNINITIALIZED_AUTOS = YES_AGGRESSIVE;
				GCC_WARN_UNUSED_FUNCTION = YES;
				GCC_WARN_UNUSED_VARIABLE = YES;
				IPHONEOS_DEPLOYMENT_TARGET = 9.2;
				MTL_ENABLE_DEBUG_INFO = YES;
				ONLY_ACTIVE_ARCH = YES;
				SDKROOT = iphoneos;
				SWIFT_OPTIMIZATION_LEVEL = "-Onone";
				TARGETED_DEVICE_FAMILY = "1,2";
			};
			name = Debug;
		};
		FC3527381C8728830098B386 /* Release */ = {
			isa = XCBuildConfiguration;
			buildSettings = {
				ALWAYS_SEARCH_USER_PATHS = NO;
				CLANG_CXX_LANGUAGE_STANDARD = "gnu++0x";
				CLANG_CXX_LIBRARY = "libc++";
				CLANG_ENABLE_MODULES = YES;
				CLANG_ENABLE_OBJC_ARC = YES;
				CLANG_WARN_BOOL_CONVERSION = YES;
				CLANG_WARN_CONSTANT_CONVERSION = YES;
				CLANG_WARN_DIRECT_OBJC_ISA_USAGE = YES_ERROR;
				CLANG_WARN_EMPTY_BODY = YES;
				CLANG_WARN_ENUM_CONVERSION = YES;
				CLANG_WARN_INT_CONVERSION = YES;
				CLANG_WARN_OBJC_ROOT_CLASS = YES_ERROR;
				CLANG_WARN_UNREACHABLE_CODE = YES;
				CLANG_WARN__DUPLICATE_METHOD_MATCH = YES;
				"CODE_SIGN_IDENTITY[sdk=iphoneos*]" = "iPhone Developer";
				COPY_PHASE_STRIP = NO;
				DEBUG_INFORMATION_FORMAT = "dwarf-with-dsym";
				ENABLE_NS_ASSERTIONS = NO;
				ENABLE_STRICT_OBJC_MSGSEND = YES;
				GCC_C_LANGUAGE_STANDARD = gnu99;
				GCC_NO_COMMON_BLOCKS = YES;
				GCC_WARN_64_TO_32_BIT_CONVERSION = YES;
				GCC_WARN_ABOUT_RETURN_TYPE = YES_ERROR;
				GCC_WARN_UNDECLARED_SELECTOR = YES;
				GCC_WARN_UNINITIALIZED_AUTOS = YES_AGGRESSIVE;
				GCC_WARN_UNUSED_FUNCTION = YES;
				GCC_WARN_UNUSED_VARIABLE = YES;
				IPHONEOS_DEPLOYMENT_TARGET = 9.2;
				MTL_ENABLE_DEBUG_INFO = NO;
				SDKROOT = iphoneos;
				TARGETED_DEVICE_FAMILY = "1,2";
				VALIDATE_PRODUCT = YES;
			};
			name = Release;
		};
		FC35273A1C8728830098B386 /* Debug */ = {
			isa = XCBuildConfiguration;
			buildSettings = {
				ASSETCATALOG_COMPILER_APPICON_NAME = AppIcon;
				INFOPLIST_FILE = myhood/Info.plist;
				LD_RUNPATH_SEARCH_PATHS = "$(inherited) @executable_path/Frameworks";
				PRODUCT_BUNDLE_IDENTIFIER = com.epic650.myhood;
				PRODUCT_NAME = "$(TARGET_NAME)";
			};
			name = Debug;
		};
		FC35273B1C8728830098B386 /* Release */ = {
			isa = XCBuildConfiguration;
			buildSettings = {
				ASSETCATALOG_COMPILER_APPICON_NAME = AppIcon;
				INFOPLIST_FILE = myhood/Info.plist;
				LD_RUNPATH_SEARCH_PATHS = "$(inherited) @executable_path/Frameworks";
				PRODUCT_BUNDLE_IDENTIFIER = com.epic650.myhood;
				PRODUCT_NAME = "$(TARGET_NAME)";
			};
			name = Release;
		};
/* End XCBuildConfiguration section */

/* Begin XCConfigurationList section */
		FC3527221C8728830098B386 /* Build configuration list for PBXProject "myhood" */ = {
			isa = XCConfigurationList;
			buildConfigurations = (
				FC3527371C8728830098B386 /* Debug */,
				FC3527381C8728830098B386 /* Release */,
			);
			defaultConfigurationIsVisible = 0;
			defaultConfigurationName = Release;
		};
		FC3527391C8728830098B386 /* Build configuration list for PBXNativeTarget "myhood" */ = {
			isa = XCConfigurationList;
			buildConfigurations = (
				FC35273A1C8728830098B386 /* Debug */,
				FC35273B1C8728830098B386 /* Release */,
			);
			defaultConfigurationIsVisible = 0;
		};
/* End XCConfigurationList section */
	};
	rootObject = FC35271F1C8728830098B386 /* Project object */;
}
